
Microsoft Visual Studio Solution File, Format Version 12.00
# Visual Studio Version 17
VisualStudioVersion = 17.14.36429.23
MinimumVisualStudioVersion = 10.0.40219.1
Project("{2150E333-8FDC-42A3-9474-1A3956D46DE8}") = "Task0", "Task0", "{02EA681E-C7D8-13C7-8484-4AC65E1B71E8}"
EndProject
Project("{FAE04EC0-301F-11D3-BF4B-00C04F79EFBC}") = "Tyuiu.RadochinaAP.Sprint1.Task0.V17", "Tyuiu.RadochinaAP.Sprint1.Task0.V17\Tyuiu.RadochinaAP.Sprint1.Task0.V17.csproj", "{B01CF588-7E68-4499-9396-15A3E92F256F}"
EndProject
Project("{FAE04EC0-301F-11D3-BF4B-00C04F79EFBC}") = "Tyuiu.RadochinaAP.Sprint1.Task0.V17.Lib", "Tyuiu.RadochinaAP.Sprint1.Task0.V17.Lib\Tyuiu.RadochinaAP.Sprint1.Task0.V17.Lib.csproj", "{AE9B5190-4E71-47D8-8F79-B2D857F2200C}"
EndProject
Project("{FAE04EC0-301F-11D3-BF4B-00C04F79EFBC}") = "Tyuiu.RadochinaAP.Sprint1.Task0.V17.Test", "Tyuiu.RadochinaAP.Sprint1.Task0.V17.Test\Tyuiu.RadochinaAP.Sprint1.Task0.V17.Test.csproj", "{901D0901-023E-4AA8-A47D-D0B74D327868}"
EndProject
Project("{2150E333-8FDC-42A3-9474-1A3956D46DE8}") = "Task1", "Task1", "{BD8E06E2-5B4C-4AA0-A0A3-A4B083787716}"
EndProject
Project("{FAE04EC0-301F-11D3-BF4B-00C04F79EFBC}") = "Tyuiu.RadochinaAP.Sprint1.Task1.V26.Test", "Tyuiu.RadochinaAP.Sprint1.Task1.V26.Test\Tyuiu.RadochinaAP.Sprint1.Task1.V26.Test.csproj", "{AC465903-F920-463D-9E79-8F57050D23B9}"
EndProject
Project("{FAE04EC0-301F-11D3-BF4B-00C04F79EFBC}") = "Tyuiu.RadochinaAP.Sprint1.Task1.V26.Lib", "Tyuiu.RadochinaAP.Sprint1.Task1.V26.Lib\Tyuiu.RadochinaAP.Sprint1.Task1.V26.Lib.csproj", "{B5686E51-8BA2-4C6C-BE6B-96EE3AFF6CAA}"
EndProject
Project("{FAE04EC0-301F-11D3-BF4B-00C04F79EFBC}") = "Tyuiu.RadochinaAP.Sprint1.Task1.V26", "Tyuiu.RadochinaAP.Sprint1.Task1.V26\Tyuiu.RadochinaAP.Sprint1.Task1.V26.csproj", "{0750E3C3-7E1A-4D86-8556-29A376C16CF8}"
EndProject
Project("{2150E333-8FDC-42A3-9474-1A3956D46DE8}") = "Task2", "Task2", "{38F079F4-52FD-40C0-91F0-095B2AC119B9}"
EndProject
Project("{FAE04EC0-301F-11D3-BF4B-00C04F79EFBC}") = "Tyuiu.RadochinaAP.Sprint1.Task2.V14", "Tyuiu.RadochinaAP.Sprint1.Task2.V14\Tyuiu.RadochinaAP.Sprint1.Task2.V14.csproj", "{0C059D5E-6A19-4A77-B3AC-712AAA9CDA87}"
EndProject
Project("{FAE04EC0-301F-11D3-BF4B-00C04F79EFBC}") = "Tyuiu.RadochinaAP.Sprint1.Task2.V14.Lib", "Tyuiu.RadochinaAP.Sprint1.Task2.V14.Lib\Tyuiu.RadochinaAP.Sprint1.Task2.V14.Lib.csproj", "{D97C547D-3518-432B-A867-A489A7242BB1}"
EndProject
Project("{FAE04EC0-301F-11D3-BF4B-00C04F79EFBC}") = "Tyuiu.RadochinaAP.Sprint1.Task2.V14.Test", "Tyuiu.RadochinaAP.Sprint1.Task2.V14.Test\Tyuiu.RadochinaAP.Sprint1.Task2.V14.Test.csproj", "{07C17F57-C560-4567-8458-EC4122ED0842}"
EndProject
Project("{2150E333-8FDC-42A3-9474-1A3956D46DE8}") = "Task3", "Task3", "{8527D564-93FE-4AD6-9808-0BE01AD78A6B}"
EndProject
Project("{FAE04EC0-301F-11D3-BF4B-00C04F79EFBC}") = "Tyuiu.RadochinaAP.Sprint1.Task3.V16.Test", "Tyuiu.RadochinaAP.Sprint1.Task3.V16.Test\Tyuiu.RadochinaAP.Sprint1.Task3.V16.Test.csproj", "{6F7A6F55-9826-47F0-9163-C3B0464EFAAF}"
EndProject
Project("{FAE04EC0-301F-11D3-BF4B-00C04F79EFBC}") = "Tyuiu.RadochinaAP.Sprint1.Task3.V16.Lib", "Tyuiu.RadochinaAP.Sprint1.Task3.V16.Lib\Tyuiu.RadochinaAP.Sprint1.Task3.V16.Lib.csproj", "{65333DE1-BBE9-48B6-9D0B-79FC651363A4}"
EndProject
Project("{FAE04EC0-301F-11D3-BF4B-00C04F79EFBC}") = "Tyuiu.RadochinaAP.Sprint1.Task3.V16", "Tyuiu.RadochinaAP.Sprint1.Task3.V16\Tyuiu.RadochinaAP.Sprint1.Task3.V16.csproj", "{5FB6AACA-D9AC-45B5-8561-7FE4B99928F9}"
EndProject
Project("{2150E333-8FDC-42A3-9474-1A3956D46DE8}") = "Task4", "Task4", "{3E39B785-1C5F-4157-A768-350A058F0F64}"
EndProject
Project("{FAE04EC0-301F-11D3-BF4B-00C04F79EFBC}") = "Tyuiu.RadochinaAP.Sprint1.Task4.V13", "Tyuiu.RadochinaAP.Sprint1.Task4.V13\Tyuiu.RadochinaAP.Sprint1.Task4.V13.csproj", "{5665A620-C722-4179-B3E8-3290B7D4B588}"
EndProject
Project("{FAE04EC0-301F-11D3-BF4B-00C04F79EFBC}") = "Tyuiu.RadochinaAP.Sprint1.Task4.V13.Test", "Tyuiu.RadochinaAP.Sprint1.Task4.V13.Test\Tyuiu.RadochinaAP.Sprint1.Task4.V13.Test.csproj", "{CDEBF6B4-3327-4B22-ACB0-8112DF0DB8CF}"
EndProject
Project("{FAE04EC0-301F-11D3-BF4B-00C04F79EFBC}") = "Tyuiu.RadochinaAP.Sprint1.Task4.V13.Lib", "Tyuiu.RadochinaAP.Sprint1.Task4.V13.Lib\Tyuiu.RadochinaAP.Sprint1.Task4.V13.Lib.csproj", "{40156447-B778-4E42-9725-51170FAA6CFC}"
EndProject
Project("{2150E333-8FDC-42A3-9474-1A3956D46DE8}") = "Task5", "Task5", "{3908B929-CEC2-451F-BD01-4294DF15A0F4}"
EndProject
Project("{FAE04EC0-301F-11D3-BF4B-00C04F79EFBC}") = "Tyuiu.RadochinaAP.Sprint1.Task5.V7.Lib", "Tyuiu.RadochinaAP.Sprint1.Task5.V7.Lib\Tyuiu.RadochinaAP.Sprint1.Task5.V7.Lib.csproj", "{28EB7FD6-60A6-42E5-82AB-8D1AC99655C1}"
EndProject
Project("{FAE04EC0-301F-11D3-BF4B-00C04F79EFBC}") = "Tyuiu.RadochinaAP.Sprint1.Task5.V7.Test", "Tyuiu.RadochinaAP.Sprint1.Task5.V7.Test\Tyuiu.RadochinaAP.Sprint1.Task5.V7.Test.csproj", "{C888779A-1612-48F3-8C29-5FFDE75B8980}"
EndProject
Project("{FAE04EC0-301F-11D3-BF4B-00C04F79EFBC}") = "Tyuiu.RadochinaAP.Sprint1.Task5.V7", "Tyuiu.RadochinaAP.Sprint1.Task5.V7\Tyuiu.RadochinaAP.Sprint1.Task5.V7.csproj", "{3DA772A0-F25F-425D-8343-EFB253EB06CF}"
EndProject
Global
	GlobalSection(SolutionConfigurationPlatforms) = preSolution
		Debug|Any CPU = Debug|Any CPU
		Release|Any CPU = Release|Any CPU
	EndGlobalSection
	GlobalSection(ProjectConfigurationPlatforms) = postSolution
		{B01CF588-7E68-4499-9396-15A3E92F256F}.Debug|Any CPU.ActiveCfg = Debug|Any CPU
		{B01CF588-7E68-4499-9396-15A3E92F256F}.Debug|Any CPU.Build.0 = Debug|Any CPU
		{B01CF588-7E68-4499-9396-15A3E92F256F}.Release|Any CPU.ActiveCfg = Release|Any CPU
		{B01CF588-7E68-4499-9396-15A3E92F256F}.Release|Any CPU.Build.0 = Release|Any CPU
		{AE9B5190-4E71-47D8-8F79-B2D857F2200C}.Debug|Any CPU.ActiveCfg = Debug|Any CPU
		{AE9B5190-4E71-47D8-8F79-B2D857F2200C}.Debug|Any CPU.Build.0 = Debug|Any CPU
		{AE9B5190-4E71-47D8-8F79-B2D857F2200C}.Release|Any CPU.ActiveCfg = Release|Any CPU
		{AE9B5190-4E71-47D8-8F79-B2D857F2200C}.Release|Any CPU.Build.0 = Release|Any CPU
		{901D0901-023E-4AA8-A47D-D0B74D327868}.Debug|Any CPU.ActiveCfg = Debug|Any CPU
		{901D0901-023E-4AA8-A47D-D0B74D327868}.Debug|Any CPU.Build.0 = Debug|Any CPU
		{901D0901-023E-4AA8-A47D-D0B74D327868}.Release|Any CPU.ActiveCfg = Release|Any CPU
		{901D0901-023E-4AA8-A47D-D0B74D327868}.Release|Any CPU.Build.0 = Release|Any CPU
		{AC465903-F920-463D-9E79-8F57050D23B9}.Debug|Any CPU.ActiveCfg = Debug|Any CPU
		{AC465903-F920-463D-9E79-8F57050D23B9}.Debug|Any CPU.Build.0 = Debug|Any CPU
		{AC465903-F920-463D-9E79-8F57050D23B9}.Release|Any CPU.ActiveCfg = Release|Any CPU
		{AC465903-F920-463D-9E79-8F57050D23B9}.Release|Any CPU.Build.0 = Release|Any CPU
		{B5686E51-8BA2-4C6C-BE6B-96EE3AFF6CAA}.Debug|Any CPU.ActiveCfg = Debug|Any CPU
		{B5686E51-8BA2-4C6C-BE6B-96EE3AFF6CAA}.Debug|Any CPU.Build.0 = Debug|Any CPU
		{B5686E51-8BA2-4C6C-BE6B-96EE3AFF6CAA}.Release|Any CPU.ActiveCfg = Release|Any CPU
		{B5686E51-8BA2-4C6C-BE6B-96EE3AFF6CAA}.Release|Any CPU.Build.0 = Release|Any CPU
		{0750E3C3-7E1A-4D86-8556-29A376C16CF8}.Debug|Any CPU.ActiveCfg = Debug|Any CPU
		{0750E3C3-7E1A-4D86-8556-29A376C16CF8}.Debug|Any CPU.Build.0 = Debug|Any CPU
		{0750E3C3-7E1A-4D86-8556-29A376C16CF8}.Release|Any CPU.ActiveCfg = Release|Any CPU
		{0750E3C3-7E1A-4D86-8556-29A376C16CF8}.Release|Any CPU.Build.0 = Release|Any CPU
		{0C059D5E-6A19-4A77-B3AC-712AAA9CDA87}.Debug|Any CPU.ActiveCfg = Debug|Any CPU
		{0C059D5E-6A19-4A77-B3AC-712AAA9CDA87}.Debug|Any CPU.Build.0 = Debug|Any CPU
		{0C059D5E-6A19-4A77-B3AC-712AAA9CDA87}.Release|Any CPU.ActiveCfg = Release|Any CPU
		{0C059D5E-6A19-4A77-B3AC-712AAA9CDA87}.Release|Any CPU.Build.0 = Release|Any CPU
		{D97C547D-3518-432B-A867-A489A7242BB1}.Debug|Any CPU.ActiveCfg = Debug|Any CPU
		{D97C547D-3518-432B-A867-A489A7242BB1}.Debug|Any CPU.Build.0 = Debug|Any CPU
		{D97C547D-3518-432B-A867-A489A7242BB1}.Release|Any CPU.ActiveCfg = Release|Any CPU
		{D97C547D-3518-432B-A867-A489A7242BB1}.Release|Any CPU.Build.0 = Release|Any CPU
		{07C17F57-C560-4567-8458-EC4122ED0842}.Debug|Any CPU.ActiveCfg = Debug|Any CPU
		{07C17F57-C560-4567-8458-EC4122ED0842}.Debug|Any CPU.Build.0 = Debug|Any CPU
		{07C17F57-C560-4567-8458-EC4122ED0842}.Release|Any CPU.ActiveCfg = Release|Any CPU
		{07C17F57-C560-4567-8458-EC4122ED0842}.Release|Any CPU.Build.0 = Release|Any CPU
		{6F7A6F55-9826-47F0-9163-C3B0464EFAAF}.Debug|Any CPU.ActiveCfg = Debug|Any CPU
		{6F7A6F55-9826-47F0-9163-C3B0464EFAAF}.Debug|Any CPU.Build.0 = Debug|Any CPU
		{6F7A6F55-9826-47F0-9163-C3B0464EFAAF}.Release|Any CPU.ActiveCfg = Release|Any CPU
		{6F7A6F55-9826-47F0-9163-C3B0464EFAAF}.Release|Any CPU.Build.0 = Release|Any CPU
		{65333DE1-BBE9-48B6-9D0B-79FC651363A4}.Debug|Any CPU.ActiveCfg = Debug|Any CPU
		{65333DE1-BBE9-48B6-9D0B-79FC651363A4}.Debug|Any CPU.Build.0 = Debug|Any CPU
		{65333DE1-BBE9-48B6-9D0B-79FC651363A4}.Release|Any CPU.ActiveCfg = Release|Any CPU
		{65333DE1-BBE9-48B6-9D0B-79FC651363A4}.Release|Any CPU.Build.0 = Release|Any CPU
		{5FB6AACA-D9AC-45B5-8561-7FE4B99928F9}.Debug|Any CPU.ActiveCfg = Debug|Any CPU
		{5FB6AACA-D9AC-45B5-8561-7FE4B99928F9}.Debug|Any CPU.Build.0 = Debug|Any CPU
		{5FB6AACA-D9AC-45B5-8561-7FE4B99928F9}.Release|Any CPU.ActiveCfg = Release|Any CPU
		{5FB6AACA-D9AC-45B5-8561-7FE4B99928F9}.Release|Any CPU.Build.0 = Release|Any CPU
		{5665A620-C722-4179-B3E8-3290B7D4B588}.Debug|Any CPU.ActiveCfg = Debug|Any CPU
		{5665A620-C722-4179-B3E8-3290B7D4B588}.Debug|Any CPU.Build.0 = Debug|Any CPU
		{5665A620-C722-4179-B3E8-3290B7D4B588}.Release|Any CPU.ActiveCfg = Release|Any CPU
		{5665A620-C722-4179-B3E8-3290B7D4B588}.Release|Any CPU.Build.0 = Release|Any CPU
		{CDEBF6B4-3327-4B22-ACB0-8112DF0DB8CF}.Debug|Any CPU.ActiveCfg = Debug|Any CPU
		{CDEBF6B4-3327-4B22-ACB0-8112DF0DB8CF}.Debug|Any CPU.Build.0 = Debug|Any CPU
		{CDEBF6B4-3327-4B22-ACB0-8112DF0DB8CF}.Release|Any CPU.ActiveCfg = Release|Any CPU
		{CDEBF6B4-3327-4B22-ACB0-8112DF0DB8CF}.Release|Any CPU.Build.0 = Release|Any CPU
		{40156447-B778-4E42-9725-51170FAA6CFC}.Debug|Any CPU.ActiveCfg = Debug|Any CPU
		{40156447-B778-4E42-9725-51170FAA6CFC}.Debug|Any CPU.Build.0 = Debug|Any CPU
		{40156447-B778-4E42-9725-51170FAA6CFC}.Release|Any CPU.ActiveCfg = Release|Any CPU
		{40156447-B778-4E42-9725-51170FAA6CFC}.Release|Any CPU.Build.0 = Release|Any CPU
		{28EB7FD6-60A6-42E5-82AB-8D1AC99655C1}.Debug|Any CPU.ActiveCfg = Debug|Any CPU
		{28EB7FD6-60A6-42E5-82AB-8D1AC99655C1}.Debug|Any CPU.Build.0 = Debug|Any CPU
		{28EB7FD6-60A6-42E5-82AB-8D1AC99655C1}.Release|Any CPU.ActiveCfg = Release|Any CPU
		{28EB7FD6-60A6-42E5-82AB-8D1AC99655C1}.Release|Any CPU.Build.0 = Release|Any CPU
		{C888779A-1612-48F3-8C29-5FFDE75B8980}.Debug|Any CPU.ActiveCfg = Debug|Any CPU
		{C888779A-1612-48F3-8C29-5FFDE75B8980}.Debug|Any CPU.Build.0 = Debug|Any CPU
		{C888779A-1612-48F3-8C29-5FFDE75B8980}.Release|Any CPU.ActiveCfg = Release|Any CPU
		{C888779A-1612-48F3-8C29-5FFDE75B8980}.Release|Any CPU.Build.0 = Release|Any CPU
		{3DA772A0-F25F-425D-8343-EFB253EB06CF}.Debug|Any CPU.ActiveCfg = Debug|Any CPU
		{3DA772A0-F25F-425D-8343-EFB253EB06CF}.Debug|Any CPU.Build.0 = Debug|Any CPU
		{3DA772A0-F25F-425D-8343-EFB253EB06CF}.Release|Any CPU.ActiveCfg = Release|Any CPU
		{3DA772A0-F25F-425D-8343-EFB253EB06CF}.Release|Any CPU.Build.0 = Release|Any CPU
	EndGlobalSection
	GlobalSection(SolutionProperties) = preSolution
		HideSolutionNode = FALSE
	EndGlobalSection
	GlobalSection(NestedProjects) = preSolution
		{B01CF588-7E68-4499-9396-15A3E92F256F} = {02EA681E-C7D8-13C7-8484-4AC65E1B71E8}
		{AE9B5190-4E71-47D8-8F79-B2D857F2200C} = {02EA681E-C7D8-13C7-8484-4AC65E1B71E8}
		{901D0901-023E-4AA8-A47D-D0B74D327868} = {02EA681E-C7D8-13C7-8484-4AC65E1B71E8}
		{AC465903-F920-463D-9E79-8F57050D23B9} = {BD8E06E2-5B4C-4AA0-A0A3-A4B083787716}
		{B5686E51-8BA2-4C6C-BE6B-96EE3AFF6CAA} = {BD8E06E2-5B4C-4AA0-A0A3-A4B083787716}
		{0750E3C3-7E1A-4D86-8556-29A376C16CF8} = {BD8E06E2-5B4C-4AA0-A0A3-A4B083787716}
		{0C059D5E-6A19-4A77-B3AC-712AAA9CDA87} = {38F079F4-52FD-40C0-91F0-095B2AC119B9}
		{D97C547D-3518-432B-A867-A489A7242BB1} = {38F079F4-52FD-40C0-91F0-095B2AC119B9}
		{07C17F57-C560-4567-8458-EC4122ED0842} = {38F079F4-52FD-40C0-91F0-095B2AC119B9}
		{6F7A6F55-9826-47F0-9163-C3B0464EFAAF} = {8527D564-93FE-4AD6-9808-0BE01AD78A6B}
		{65333DE1-BBE9-48B6-9D0B-79FC651363A4} = {8527D564-93FE-4AD6-9808-0BE01AD78A6B}
		{5FB6AACA-D9AC-45B5-8561-7FE4B99928F9} = {8527D564-93FE-4AD6-9808-0BE01AD78A6B}
		{5665A620-C722-4179-B3E8-3290B7D4B588} = {3E39B785-1C5F-4157-A768-350A058F0F64}
		{CDEBF6B4-3327-4B22-ACB0-8112DF0DB8CF} = {3E39B785-1C5F-4157-A768-350A058F0F64}
		{40156447-B778-4E42-9725-51170FAA6CFC} = {3E39B785-1C5F-4157-A768-350A058F0F64}
		{28EB7FD6-60A6-42E5-82AB-8D1AC99655C1} = {3908B929-CEC2-451F-BD01-4294DF15A0F4}
		{C888779A-1612-48F3-8C29-5FFDE75B8980} = {3908B929-CEC2-451F-BD01-4294DF15A0F4}
		{3DA772A0-F25F-425D-8343-EFB253EB06CF} = {3908B929-CEC2-451F-BD01-4294DF15A0F4}
	EndGlobalSection
	GlobalSection(ExtensibilityGlobals) = postSolution
		SolutionGuid = {48D2C8A5-215E-430D-ABF9-64D9AA51DC15}
	EndGlobalSection
EndGlobal
